
Microsoft Visual Studio Solution File, Format Version 12.00
# Visual Studio Version 17
VisualStudioVersion = 17.10.34928.147
MinimumVisualStudioVersion = 10.0.40219.1
Project("{FAE04EC0-301F-11D3-BF4B-00C04F79EFBC}") = "VendasWebMvc", "VendasWebMvc\VendasWebMvc.csproj", "{5E0A76DC-CCE1-4DC9-8BF1-8BB30AA7E5DC}"
EndProject
Global
	GlobalSection(SolutionConfigurationPlatforms) = preSolution
		Debug|Any CPU = Debug|Any CPU
		Release|Any CPU = Release|Any CPU
	EndGlobalSection
	GlobalSection(ProjectConfigurationPlatforms) = postSolution
		{5E0A76DC-CCE1-4DC9-8BF1-8BB30AA7E5DC}.Debug|Any CPU.ActiveCfg = Debug|Any CPU
		{5E0A76DC-CCE1-4DC9-8BF1-8BB30AA7E5DC}.Debug|Any CPU.Build.0 = Debug|Any CPU
		{5E0A76DC-CCE1-4DC9-8BF1-8BB30AA7E5DC}.Release|Any CPU.ActiveCfg = Release|Any CPU
		{5E0A76DC-CCE1-4DC9-8BF1-8BB30AA7E5DC}.Release|Any CPU.Build.0 = Release|Any CPU
	EndGlobalSection
	GlobalSection(SolutionProperties) = preSolution
		HideSolutionNode = FALSE
	EndGlobalSection
	GlobalSection(ExtensibilityGlobals) = postSolution
		SolutionGuid = {E9D19F8E-EEA3-4EEF-945F-C95CDB7B8769}
	EndGlobalSection
EndGlobal
